
Microsoft Visual Studio Solution File, Format Version 12.00
# Visual Studio Version 16
VisualStudioVersion = 16.0.31624.102
MinimumVisualStudioVersion = 10.0.40219.1
Project("{FAE04EC0-301F-11D3-BF4B-00C04F79EFBC}") = "bill generayion", "bill generayion\bill generayion.csproj", "{B7D0BF1C-AC3F-4ABA-BE5E-DEAE13D11C45}"
EndProject
Global
	GlobalSection(SolutionConfigurationPlatforms) = preSolution
		Debug|Any CPU = Debug|Any CPU
		Release|Any CPU = Release|Any CPU
	EndGlobalSection
	GlobalSection(ProjectConfigurationPlatforms) = postSolution
		{B7D0BF1C-AC3F-4ABA-BE5E-DEAE13D11C45}.Debug|Any CPU.ActiveCfg = Debug|Any CPU
		{B7D0BF1C-AC3F-4ABA-BE5E-DEAE13D11C45}.Debug|Any CPU.Build.0 = Debug|Any CPU
		{B7D0BF1C-AC3F-4ABA-BE5E-DEAE13D11C45}.Release|Any CPU.ActiveCfg = Release|Any CPU
		{B7D0BF1C-AC3F-4ABA-BE5E-DEAE13D11C45}.Release|Any CPU.Build.0 = Release|Any CPU
	EndGlobalSection
	GlobalSection(SolutionProperties) = preSolution
		HideSolutionNode = FALSE
	EndGlobalSection
	GlobalSection(ExtensibilityGlobals) = postSolution
		SolutionGuid = {DCF8AD49-18D2-4F8D-8B62-E9F66EA2C7D3}
	EndGlobalSection
EndGlobal
