
Microsoft Visual Studio Solution File, Format Version 12.00
# Visual Studio Version 16
VisualStudioVersion = 16.0.31624.102
MinimumVisualStudioVersion = 10.0.40219.1
Project("{FAE04EC0-301F-11D3-BF4B-00C04F79EFBC}") = "2", "2\2.csproj", "{1F0EFB20-28D8-4E9E-BDA4-D4DD980491AA}"
EndProject
Global
	GlobalSection(SolutionConfigurationPlatforms) = preSolution
		Debug|Any CPU = Debug|Any CPU
		Release|Any CPU = Release|Any CPU
	EndGlobalSection
	GlobalSection(ProjectConfigurationPlatforms) = postSolution
		{1F0EFB20-28D8-4E9E-BDA4-D4DD980491AA}.Debug|Any CPU.ActiveCfg = Debug|Any CPU
		{1F0EFB20-28D8-4E9E-BDA4-D4DD980491AA}.Debug|Any CPU.Build.0 = Debug|Any CPU
		{1F0EFB20-28D8-4E9E-BDA4-D4DD980491AA}.Release|Any CPU.ActiveCfg = Release|Any CPU
		{1F0EFB20-28D8-4E9E-BDA4-D4DD980491AA}.Release|Any CPU.Build.0 = Release|Any CPU
	EndGlobalSection
	GlobalSection(SolutionProperties) = preSolution
		HideSolutionNode = FALSE
	EndGlobalSection
	GlobalSection(ExtensibilityGlobals) = postSolution
		SolutionGuid = {B8EFE9E6-83D7-4183-AD0D-A6DFC1665238}
	EndGlobalSection
EndGlobal
